# THIS IS AN AUTOGENERATED FILE. DO NOT EDIT THIS FILE DIRECTLY.
# yarn lockfile v1


fp-ts@^1.19.5:
  version "1.19.5"
  resolved "https://registry.yarnpkg.com/fp-ts/-/fp-ts-1.19.5.tgz#3da865e585dfa1fdfd51785417357ac50afc520a"
  integrity sha512-wDNqTimnzs8QqpldiId9OavWK2NptormjXnRJTQecNjzwfyp6P/8s/zG8e4h3ja3oqkKaY72UlTjQYt/1yXf9A==
